// !$*UTF8*$!
{
	archiveVersion = 1;
	classes = {
	};
	objectVersion = 50;
	objects = {

/* Begin PBXBuildFile section */
		2D1F29E82321A44D005EF527 /* window_shopperTests.swift in Sources */ = {isa = PBXBuildFile; fileRef = 2D1F29E72321A44D005EF527 /* window_shopperTests.swift */; };
		2D1F29F12321A493005EF527 /* Wage.swift in Sources */ = {isa = PBXBuildFile; fileRef = 2D1F29F02321A493005EF527 /* Wage.swift */; };
		2D1F29F32321A63A005EF527 /* Wage.swift in Sources */ = {isa = PBXBuildFile; fileRef = 2D1F29F02321A493005EF527 /* Wage.swift */; };
		2D2B7C7B231F067F00A1A028 /* AppDelegate.swift in Sources */ = {isa = PBXBuildFile; fileRef = 2D2B7C7A231F067F00A1A028 /* AppDelegate.swift */; };
		2D2B7C80231F067F00A1A028 /* Main.storyboard in Resources */ = {isa = PBXBuildFile; fileRef = 2D2B7C7E231F067F00A1A028 /* Main.storyboard */; };
		2D2B7C82231F068000A1A028 /* Assets.xcassets in Resources */ = {isa = PBXBuildFile; fileRef = 2D2B7C81231F068000A1A028 /* Assets.xcassets */; };
		2D2B7C85231F068000A1A028 /* LaunchScreen.storyboard in Resources */ = {isa = PBXBuildFile; fileRef = 2D2B7C83231F068000A1A028 /* LaunchScreen.storyboard */; };
		2D2B7C8E231F14AD00A1A028 /* MainVC.swift in Sources */ = {isa = PBXBuildFile; fileRef = 2D2B7C8D231F14AD00A1A028 /* MainVC.swift */; };
		2D2B7C91231F153A00A1A028 /* CurrencyTextField.swift in Sources */ = {isa = PBXBuildFile; fileRef = 2D2B7C90231F153A00A1A028 /* CurrencyTextField.swift */; };
/* End PBXBuildFile section */

/* Begin PBXContainerItemProxy section */
		2D1F29EA2321A44D005EF527 /* PBXContainerItemProxy */ = {
			isa = PBXContainerItemProxy;
			containerPortal = 2D2B7C6F231F067F00A1A028 /* Project object */;
			proxyType = 1;
			remoteGlobalIDString = 2D2B7C76231F067F00A1A028;
			remoteInfo = "window-shopper";
		};
/* End PBXContainerItemProxy section */

/* Begin PBXFileReference section */
		2D1F29E52321A44D005EF527 /* window-shopperTests.xctest */ = {isa = PBXFileReference; explicitFileType = wrapper.cfbundle; includeInIndex = 0; path = "window-shopperTests.xctest"; sourceTree = BUILT_PRODUCTS_DIR; };
		2D1F29E72321A44D005EF527 /* window_shopperTests.swift */ = {isa = PBXFileReference; lastKnownFileType = sourcecode.swift; path = window_shopperTests.swift; sourceTree = "<group>"; };
		2D1F29E92321A44D005EF527 /* Info.plist */ = {isa = PBXFileReference; lastKnownFileType = text.plist.xml; path = Info.plist; sourceTree = "<group>"; };
		2D1F29F02321A493005EF527 /* Wage.swift */ = {isa = PBXFileReference; lastKnownFileType = sourcecode.swift; path = Wage.swift; sourceTree = "<group>"; };
		2D2B7C77231F067F00A1A028 /* window-shopper.app */ = {isa = PBXFileReference; explicitFileType = wrapper.application; includeInIndex = 0; path = "window-shopper.app"; sourceTree = BUILT_PRODUCTS_DIR; };
		2D2B7C7A231F067F00A1A028 /* AppDelegate.swift */ = {isa = PBXFileReference; lastKnownFileType = sourcecode.swift; path = AppDelegate.swift; sourceTree = "<group>"; };
		2D2B7C7F231F067F00A1A028 /* Base */ = {isa = PBXFileReference; lastKnownFileType = file.storyboard; name = Base; path = Base.lproj/Main.storyboard; sourceTree = "<group>"; };
		2D2B7C81231F068000A1A028 /* Assets.xcassets */ = {isa = PBXFileReference; lastKnownFileType = folder.assetcatalog; path = Assets.xcassets; sourceTree = "<group>"; };
		2D2B7C84231F068000A1A028 /* Base */ = {isa = PBXFileReference; lastKnownFileType = file.storyboard; name = Base; path = Base.lproj/LaunchScreen.storyboard; sourceTree = "<group>"; };
		2D2B7C86231F068000A1A028 /* Info.plist */ = {isa = PBXFileReference; lastKnownFileType = text.plist.xml; path = Info.plist; sourceTree = "<group>"; };
		2D2B7C8D231F14AD00A1A028 /* MainVC.swift */ = {isa = PBXFileReference; lastKnownFileType = sourcecode.swift; path = MainVC.swift; sourceTree = "<group>"; };
		2D2B7C90231F153A00A1A028 /* CurrencyTextField.swift */ = {isa = PBXFileReference; lastKnownFileType = sourcecode.swift; path = CurrencyTextField.swift; sourceTree = "<group>"; };
/* End PBXFileReference section */

/* Begin PBXFrameworksBuildPhase section */
		2D1F29E22321A44D005EF527 /* Frameworks */ = {
			isa = PBXFrameworksBuildPhase;
			buildActionMask = 2147483647;
			files = (
			);
			runOnlyForDeploymentPostprocessing = 0;
		};
		2D2B7C74231F067F00A1A028 /* Frameworks */ = {
			isa = PBXFrameworksBuildPhase;
			buildActionMask = 2147483647;
			files = (
			);
			runOnlyForDeploymentPostprocessing = 0;
		};
/* End PBXFrameworksBuildPhase section */

/* Begin PBXGroup section */
		2D1F29E62321A44D005EF527 /* window-shopperTests */ = {
			isa = PBXGroup;
			children = (
				2D1F29E72321A44D005EF527 /* window_shopperTests.swift */,
				2D1F29E92321A44D005EF527 /* Info.plist */,
			);
			path = "window-shopperTests";
			sourceTree = "<group>";
		};
		2D1F29EF2321A46C005EF527 /* Models */ = {
			isa = PBXGroup;
			children = (
				2D1F29F02321A493005EF527 /* Wage.swift */,
			);
			path = Models;
			sourceTree = "<group>";
		};
		2D2B7C6E231F067F00A1A028 = {
			isa = PBXGroup;
			children = (
				2D2B7C79231F067F00A1A028 /* window-shopper */,
				2D1F29E62321A44D005EF527 /* window-shopperTests */,
				2D2B7C78231F067F00A1A028 /* Products */,
			);
			sourceTree = "<group>";
		};
		2D2B7C78231F067F00A1A028 /* Products */ = {
			isa = PBXGroup;
			children = (
				2D2B7C77231F067F00A1A028 /* window-shopper.app */,
				2D1F29E52321A44D005EF527 /* window-shopperTests.xctest */,
			);
			name = Products;
			sourceTree = "<group>";
		};
		2D2B7C79231F067F00A1A028 /* window-shopper */ = {
			isa = PBXGroup;
			children = (
				2D1F29EF2321A46C005EF527 /* Models */,
				2D2B7C8F231F14E800A1A028 /* Views */,
				2D2B7C8C231F145E00A1A028 /* Controllers */,
				2D2B7C7A231F067F00A1A028 /* AppDelegate.swift */,
				2D2B7C7E231F067F00A1A028 /* Main.storyboard */,
				2D2B7C81231F068000A1A028 /* Assets.xcassets */,
				2D2B7C83231F068000A1A028 /* LaunchScreen.storyboard */,
				2D2B7C86231F068000A1A028 /* Info.plist */,
			);
			path = "window-shopper";
			sourceTree = "<group>";
		};
		2D2B7C8C231F145E00A1A028 /* Controllers */ = {
			isa = PBXGroup;
			children = (
				2D2B7C8D231F14AD00A1A028 /* MainVC.swift */,
			);
			path = Controllers;
			sourceTree = "<group>";
		};
		2D2B7C8F231F14E800A1A028 /* Views */ = {
			isa = PBXGroup;
			children = (
				2D2B7C90231F153A00A1A028 /* CurrencyTextField.swift */,
			);
			path = Views;
			sourceTree = "<group>";
		};
/* End PBXGroup section */

/* Begin PBXNativeTarget section */
		2D1F29E42321A44D005EF527 /* window-shopperTests */ = {
			isa = PBXNativeTarget;
			buildConfigurationList = 2D1F29EE2321A44D005EF527 /* Build configuration list for PBXNativeTarget "window-shopperTests" */;
			buildPhases = (
				2D1F29E12321A44D005EF527 /* Sources */,
				2D1F29E22321A44D005EF527 /* Frameworks */,
				2D1F29E32321A44D005EF527 /* Resources */,
			);
			buildRules = (
			);
			dependencies = (
				2D1F29EB2321A44D005EF527 /* PBXTargetDependency */,
			);
			name = "window-shopperTests";
			productName = "window-shopperTests";
			productReference = 2D1F29E52321A44D005EF527 /* window-shopperTests.xctest */;
			productType = "com.apple.product-type.bundle.unit-test";
		};
		2D2B7C76231F067F00A1A028 /* window-shopper */ = {
			isa = PBXNativeTarget;
			buildConfigurationList = 2D2B7C89231F068000A1A028 /* Build configuration list for PBXNativeTarget "window-shopper" */;
			buildPhases = (
				2D2B7C73231F067F00A1A028 /* Sources */,
				2D2B7C74231F067F00A1A028 /* Frameworks */,
				2D2B7C75231F067F00A1A028 /* Resources */,
			);
			buildRules = (
			);
			dependencies = (
			);
			name = "window-shopper";
			productName = "window-shopper";
			productReference = 2D2B7C77231F067F00A1A028 /* window-shopper.app */;
			productType = "com.apple.product-type.application";
		};
/* End PBXNativeTarget section */

/* Begin PBXProject section */
		2D2B7C6F231F067F00A1A028 /* Project object */ = {
			isa = PBXProject;
			attributes = {
				LastSwiftUpdateCheck = 1000;
				LastUpgradeCheck = 1000;
				ORGANIZATIONNAME = "Manar Laith";
				TargetAttributes = {
					2D1F29E42321A44D005EF527 = {
						CreatedOnToolsVersion = 10.0;
						TestTargetID = 2D2B7C76231F067F00A1A028;
					};
					2D2B7C76231F067F00A1A028 = {
						CreatedOnToolsVersion = 10.0;
					};
				};
			};
			buildConfigurationList = 2D2B7C72231F067F00A1A028 /* Build configuration list for PBXProject "window-shopper" */;
			compatibilityVersion = "Xcode 9.3";
			developmentRegion = en;
			hasScannedForEncodings = 0;
			knownRegions = (
				en,
				Base,
			);
			mainGroup = 2D2B7C6E231F067F00A1A028;
			productRefGroup = 2D2B7C78231F067F00A1A028 /* Products */;
			projectDirPath = "";
			projectRoot = "";
			targets = (
				2D2B7C76231F067F00A1A028 /* window-shopper */,
				2D1F29E42321A44D005EF527 /* window-shopperTests */,
			);
		};
/* End PBXProject section */

/* Begin PBXResourcesBuildPhase section */
		2D1F29E32321A44D005EF527 /* Resources */ = {
			isa = PBXResourcesBuildPhase;
			buildActionMask = 2147483647;
			files = (
			);
			runOnlyForDeploymentPostprocessing = 0;
		};
		2D2B7C75231F067F00A1A028 /* Resources */ = {
			isa = PBXResourcesBuildPhase;
			buildActionMask = 2147483647;
			files = (
				2D2B7C85231F068000A1A028 /* LaunchScreen.storyboard in Resources */,
				2D2B7C82231F068000A1A028 /* Assets.xcassets in Resources */,
				2D2B7C80231F067F00A1A028 /* Main.storyboard in Resources */,
			);
			runOnlyForDeploymentPostprocessing = 0;
		};
/* End PBXResourcesBuildPhase section */

/* Begin PBXSourcesBuildPhase section */
		2D1F29E12321A44D005EF527 /* Sources */ = {
			isa = PBXSourcesBuildPhase;
			buildActionMask = 2147483647;
			files = (
				2D1F29E82321A44D005EF527 /* window_shopperTests.swift in Sources */,
				2D1F29F32321A63A005EF527 /* Wage.swift in Sources */,
			);
			runOnlyForDeploymentPostprocessing = 0;
		};
		2D2B7C73231F067F00A1A028 /* Sources */ = {
			isa = PBXSourcesBuildPhase;
			buildActionMask = 2147483647;
			files = (
				2D2B7C91231F153A00A1A028 /* CurrencyTextField.swift in Sources */,
				2D1F29F12321A493005EF527 /* Wage.swift in Sources */,
				2D2B7C7B231F067F00A1A028 /* AppDelegate.swift in Sources */,
				2D2B7C8E231F14AD00A1A028 /* MainVC.swift in Sources */,
			);
			runOnlyForDeploymentPostprocessing = 0;
		};
/* End PBXSourcesBuildPhase section */

/* Begin PBXTargetDependency section */
		2D1F29EB2321A44D005EF527 /* PBXTargetDependency */ = {
			isa = PBXTargetDependency;
			target = 2D2B7C76231F067F00A1A028 /* window-shopper */;
			targetProxy = 2D1F29EA2321A44D005EF527 /* PBXContainerItemProxy */;
		};
/* End PBXTargetDependency section */

/* Begin PBXVariantGroup section */
		2D2B7C7E231F067F00A1A028 /* Main.storyboard */ = {
			isa = PBXVariantGroup;
			children = (
				2D2B7C7F231F067F00A1A028 /* Base */,
			);
			name = Main.storyboard;
			sourceTree = "<group>";
		};
		2D2B7C83231F068000A1A028 /* LaunchScreen.storyboard */ = {
			isa = PBXVariantGroup;
			children = (
				2D2B7C84231F068000A1A028 /* Base */,
			);
			name = LaunchScreen.storyboard;
			sourceTree = "<group>";
		};
/* End PBXVariantGroup section */

/* Begin XCBuildConfiguration section */
		2D1F29EC2321A44D005EF527 /* Debug */ = {
			isa = XCBuildConfiguration;
			buildSettings = {
				BUNDLE_LOADER = "$(TEST_HOST)";
				CODE_SIGN_STYLE = Automatic;
				DEVELOPMENT_TEAM = 2WK9Q956B2;
				INFOPLIST_FILE = "window-shopperTests/Info.plist";
				LD_RUNPATH_SEARCH_PATHS = (
					"$(inherited)",
					"@executable_path/Frameworks",
					"@loader_path/Frameworks",
				);
				PRODUCT_BUNDLE_IDENTIFIER = "com.Manar.window-shopperTests";
				PRODUCT_NAME = "$(TARGET_NAME)";
				SWIFT_VERSION = 4.2;
				TARGETED_DEVICE_FAMILY = "1,2";
				TEST_HOST = "$(BUILT_PRODUCTS_DIR)/window-shopper.app/window-shopper";
			};
			name = Debug;
		};
		2D1F29ED2321A44D005EF527 /* Release */ = {
			isa = XCBuildConfiguration;
			buildSettings = {
				BUNDLE_LOADER = "$(TEST_HOST)";
				CODE_SIGN_STYLE = Automatic;
				DEVELOPMENT_TEAM = 2WK9Q956B2;
				INFOPLIST_FILE = "window-shopperTests/Info.plist";
				LD_RUNPATH_SEARCH_PATHS = (
					"$(inherited)",
					"@executable_path/Frameworks",
					"@loader_path/Frameworks",
				);
				PRODUCT_BUNDLE_IDENTIFIER = "com.Manar.window-shopperTests";
				PRODUCT_NAME = "$(TARGET_NAME)";
				SWIFT_VERSION = 4.2;
				TARGETED_DEVICE_FAMILY = "1,2";
				TEST_HOST = "$(BUILT_PRODUCTS_DIR)/window-shopper.app/window-shopper";
			};
			name = Release;
		};
		2D2B7C87231F068000A1A028 /* Debug */ = {
			isa = XCBuildConfiguration;
			buildSettings = {
				ALWAYS_SEARCH_USER_PATHS = NO;
				CLANG_ANALYZER_NONNULL = YES;
				CLANG_ANALYZER_NUMBER_OBJECT_CONVERSION = YES_AGGRESSIVE;
				CLANG_CXX_LANGUAGE_STANDARD = "gnu++14";
				CLANG_CXX_LIBRARY = "libc++";
				CLANG_ENABLE_MODULES = YES;
				CLANG_ENABLE_OBJC_ARC = YES;
				CLANG_ENABLE_OBJC_WEAK = YES;
				CLANG_WARN_BLOCK_CAPTURE_AUTORELEASING = YES;
				CLANG_WARN_BOOL_CONVERSION = YES;
				CLANG_WARN_COMMA = YES;
				CLANG_WARN_CONSTANT_CONVERSION = YES;
				CLANG_WARN_DEPRECATED_OBJC_IMPLEMENTATIONS = YES;
				CLANG_WARN_DIRECT_OBJC_ISA_USAGE = YES_ERROR;
				CLANG_WARN_DOCUMENTATION_COMMENTS = YES;
				CLANG_WARN_EMPTY_BODY = YES;
				CLANG_WARN_ENUM_CONVERSION = YES;
				CLANG_WARN_INFINITE_RECURSION = YES;
				CLANG_WARN_INT_CONVERSION = YES;
				CLANG_WARN_NON_LITERAL_NULL_CONVERSION = YES;
				CLANG_WARN_OBJC_IMPLICIT_RETAIN_SELF = YES;
				CLANG_WARN_OBJC_LITERAL_CONVERSION = YES;
				CLANG_WARN_OBJC_ROOT_CLASS = YES_ERROR;
				CLANG_WARN_RANGE_LOOP_ANALYSIS = YES;
				CLANG_WARN_STRICT_PROTOTYPES = YES;
				CLANG_WARN_SUSPICIOUS_MOVE = YES;
				CLANG_WARN_UNGUARDED_AVAILABILITY = YES_AGGRESSIVE;
				CLANG_WARN_UNREACHABLE_CODE = YES;
				CLANG_WARN__DUPLICATE_METHOD_MATCH = YES;
				CODE_SIGN_IDENTITY = "iPhone Developer";
				COPY_PHASE_STRIP = NO;
				DEBUG_INFORMATION_FORMAT = dwarf;
				ENABLE_STRICT_OBJC_MSGSEND = YES;
				ENABLE_TESTABILITY = YES;
				GCC_C_LANGUAGE_STANDARD = gnu11;
				GCC_DYNAMIC_NO_PIC = NO;
				GCC_NO_COMMON_BLOCKS = YES;
				GCC_OPTIMIZATION_LEVEL = 0;
				GCC_PREPROCESSOR_DEFINITIONS = (
					"DEBUG=1",
					"$(inherited)",
				);
				GCC_WARN_64_TO_32_BIT_CONVERSION = YES;
				GCC_WARN_ABOUT_RETURN_TYPE = YES_ERROR;
				GCC_WARN_UNDECLARED_SELECTOR = YES;
				GCC_WARN_UNINITIALIZED_AUTOS = YES_AGGRESSIVE;
				GCC_WARN_UNUSED_FUNCTION = YES;
				GCC_WARN_UNUSED_VARIABLE = YES;
				IPHONEOS_DEPLOYMENT_TARGET = 12.0;
				MTL_ENABLE_DEBUG_INFO = INCLUDE_SOURCE;
				MTL_FAST_MATH = YES;
				ONLY_ACTIVE_ARCH = YES;
				SDKROOT = iphoneos;
				SWIFT_ACTIVE_COMPILATION_CONDITIONS = DEBUG;
				SWIFT_OPTIMIZATION_LEVEL = "-Onone";
			};
			name = Debug;
		};
		2D2B7C88231F068000A1A028 /* Release */ = {
			isa = XCBuildConfiguration;
			buildSettings = {
				ALWAYS_SEARCH_USER_PATHS = NO;
				CLANG_ANALYZER_NONNULL = YES;
				CLANG_ANALYZER_NUMBER_OBJECT_CONVERSION = YES_AGGRESSIVE;
				CLANG_CXX_LANGUAGE_STANDARD = "gnu++14";
				CLANG_CXX_LIBRARY = "libc++";
				CLANG_ENABLE_MODULES = YES;
				CLANG_ENABLE_OBJC_ARC = YES;
				CLANG_ENABLE_OBJC_WEAK = YES;
				CLANG_WARN_BLOCK_CAPTURE_AUTORELEASING = YES;
				CLANG_WARN_BOOL_CONVERSION = YES;
				CLANG_WARN_COMMA = YES;
				CLANG_WARN_CONSTANT_CONVERSION = YES;
				CLANG_WARN_DEPRECATED_OBJC_IMPLEMENTATIONS = YES;
				CLANG_WARN_DIRECT_OBJC_ISA_USAGE = YES_ERROR;
				CLANG_WARN_DOCUMENTATION_COMMENTS = YES;
				CLANG_WARN_EMPTY_BODY = YES;
				CLANG_WARN_ENUM_CONVERSION = YES;
				CLANG_WARN_INFINITE_RECURSION = YES;
				CLANG_WARN_INT_CONVERSION = YES;
				CLANG_WARN_NON_LITERAL_NULL_CONVERSION = YES;
				CLANG_WARN_OBJC_IMPLICIT_RETAIN_SELF = YES;
				CLANG_WARN_OBJC_LITERAL_CONVERSION = YES;
				CLANG_WARN_OBJC_ROOT_CLASS = YES_ERROR;
				CLANG_WARN_RANGE_LOOP_ANALYSIS = YES;
				CLANG_WARN_STRICT_PROTOTYPES = YES;
				CLANG_WARN_SUSPICIOUS_MOVE = YES;
				CLANG_WARN_UNGUARDED_AVAILABILITY = YES_AGGRESSIVE;
				CLANG_WARN_UNREACHABLE_CODE = YES;
				CLANG_WARN__DUPLICATE_METHOD_MATCH = YES;
				CODE_SIGN_IDENTITY = "iPhone Developer";
				COPY_PHASE_STRIP = NO;
				DEBUG_INFORMATION_FORMAT = "dwarf-with-dsym";
				ENABLE_NS_ASSERTIONS = NO;
				ENABLE_STRICT_OBJC_MSGSEND = YES;
				GCC_C_LANGUAGE_STANDARD = gnu11;
				GCC_NO_COMMON_BLOCKS = YES;
				GCC_WARN_64_TO_32_BIT_CONVERSION = YES;
				GCC_WARN_ABOUT_RETURN_TYPE = YES_ERROR;
				GCC_WARN_UNDECLARED_SELECTOR = YES;
				GCC_WARN_UNINITIALIZED_AUTOS = YES_AGGRESSIVE;
				GCC_WARN_UNUSED_FUNCTION = YES;
				GCC_WARN_UNUSED_VARIABLE = YES;
				IPHONEOS_DEPLOYMENT_TARGET = 12.0;
				MTL_ENABLE_DEBUG_INFO = NO;
				MTL_FAST_MATH = YES;
				SDKROOT = iphoneos;
				SWIFT_COMPILATION_MODE = wholemodule;
				SWIFT_OPTIMIZATION_LEVEL = "-O";
				VALIDATE_PRODUCT = YES;
			};
			name = Release;
		};
		2D2B7C8A231F068000A1A028 /* Debug */ = {
			isa = XCBuildConfiguration;
			buildSettings = {
				ASSETCATALOG_COMPILER_APPICON_NAME = AppIcon;
				CODE_SIGN_STYLE = Automatic;
				DEVELOPMENT_TEAM = 2WK9Q956B2;
				INFOPLIST_FILE = "window-shopper/Info.plist";
				IPHONEOS_DEPLOYMENT_TARGET = 9.0;
				LD_RUNPATH_SEARCH_PATHS = (
					"$(inherited)",
					"@executable_path/Frameworks",
				);
				PRODUCT_BUNDLE_IDENTIFIER = "com.Manar.window-shopper";
				PRODUCT_NAME = "$(TARGET_NAME)";
				SWIFT_VERSION = 4.2;
				TARGETED_DEVICE_FAMILY = "1,2";
			};
			name = Debug;
		};
		2D2B7C8B231F068000A1A028 /* Release */ = {
			isa = XCBuildConfiguration;
			buildSettings = {
				ASSETCATALOG_COMPILER_APPICON_NAME = AppIcon;
				CODE_SIGN_STYLE = Automatic;
				DEVELOPMENT_TEAM = 2WK9Q956B2;
				INFOPLIST_FILE = "window-shopper/Info.plist";
				IPHONEOS_DEPLOYMENT_TARGET = 9.0;
				LD_RUNPATH_SEARCH_PATHS = (
					"$(inherited)",
					"@executable_path/Frameworks",
				);
				PRODUCT_BUNDLE_IDENTIFIER = "com.Manar.window-shopper";
				PRODUCT_NAME = "$(TARGET_NAME)";
				SWIFT_VERSION = 4.2;
				TARGETED_DEVICE_FAMILY = "1,2";
			};
			name = Release;
		};
/* End XCBuildConfiguration section */

/* Begin XCConfigurationList section */
		2D1F29EE2321A44D005EF527 /* Build configuration list for PBXNativeTarget "window-shopperTests" */ = {
			isa = XCConfigurationList;
			buildConfigurations = (
				2D1F29EC2321A44D005EF527 /* Debug */,
				2D1F29ED2321A44D005EF527 /* Release */,
			);
			defaultConfigurationIsVisible = 0;
			defaultConfigurationName = Release;
		};
		2D2B7C72231F067F00A1A028 /* Build configuration list for PBXProject "window-shopper" */ = {
			isa = XCConfigurationList;
			buildConfigurations = (
				2D2B7C87231F068000A1A028 /* Debug */,
				2D2B7C88231F068000A1A028 /* Release */,
			);
			defaultConfigurationIsVisible = 0;
			defaultConfigurationName = Release;
		};
		2D2B7C89231F068000A1A028 /* Build configuration list for PBXNativeTarget "window-shopper" */ = {
			isa = XCConfigurationList;
			buildConfigurations = (
				2D2B7C8A231F068000A1A028 /* Debug */,
				2D2B7C8B231F068000A1A028 /* Release */,
			);
			defaultConfigurationIsVisible = 0;
			defaultConfigurationName = Release;
		};
/* End XCConfigurationList section */
	};
	rootObject = 2D2B7C6F231F067F00A1A028 /* Project object */;
}
